
Microsoft Visual Studio Solution File, Format Version 12.00
# Visual Studio Version 17
VisualStudioVersion = 17.7.34024.191
MinimumVisualStudioVersion = 10.0.40219.1
Project("{FAE04EC0-301F-11D3-BF4B-00C04F79EFBC}") = "HomeApp1", "HomeApp1\HomeApp1.csproj", "{F486C1DE-9A41-4E28-8BF2-9DBB9CBEA910}"
EndProject
Global
	GlobalSection(SolutionConfigurationPlatforms) = preSolution
		Debug|Any CPU = Debug|Any CPU
		Release|Any CPU = Release|Any CPU
	EndGlobalSection
	GlobalSection(ProjectConfigurationPlatforms) = postSolution
		{F486C1DE-9A41-4E28-8BF2-9DBB9CBEA910}.Debug|Any CPU.ActiveCfg = Debug|Any CPU
		{F486C1DE-9A41-4E28-8BF2-9DBB9CBEA910}.Debug|Any CPU.Build.0 = Debug|Any CPU
		{F486C1DE-9A41-4E28-8BF2-9DBB9CBEA910}.Release|Any CPU.ActiveCfg = Release|Any CPU
		{F486C1DE-9A41-4E28-8BF2-9DBB9CBEA910}.Release|Any CPU.Build.0 = Release|Any CPU
	EndGlobalSection
	GlobalSection(SolutionProperties) = preSolution
		HideSolutionNode = FALSE
	EndGlobalSection
	GlobalSection(ExtensibilityGlobals) = postSolution
		SolutionGuid = {DBCA9B53-60EE-418F-A4CF-38BBE17D0806}
	EndGlobalSection
EndGlobal
